
Microsoft Visual Studio Solution File, Format Version 12.00
# Visual Studio Version 17
VisualStudioVersion = 17.0.31903.59
MinimumVisualStudioVersion = 10.0.40219.1
Project("{2150E333-8FDC-42A3-9474-1A3956D46DE8}") = "applications", "applications", "{5A07801E-7FB0-4A05-A78A-A8745294C538}"
EndProject
Project("{2150E333-8FDC-42A3-9474-1A3956D46DE8}") = "modules", "modules", "{FF1568BF-E677-47D5-B307-F6B8AC194099}"
EndProject
Project("{2150E333-8FDC-42A3-9474-1A3956D46DE8}") = "cart", "cart", "{7439E33A-B6EF-4E20-A9D8-5F372B4AA600}"
EndProject
Project("{9A19103F-16F7-4668-BE54-9A1E7A4F7556}") = "REPR.Baskets", "modules\cart\REPR.Baskets\REPR.Baskets.csproj", "{FEBFF850-6095-454D-9235-01F3964B3689}"
EndProject
Project("{2150E333-8FDC-42A3-9474-1A3956D46DE8}") = "catalog", "catalog", "{717A0543-69F1-45D8-9F6F-96184B0E66E3}"
EndProject
Project("{9A19103F-16F7-4668-BE54-9A1E7A4F7556}") = "REPR.Products", "modules\catalog\REPR.Products\REPR.Products.csproj", "{6A01B684-7491-4594-9E48-B719AE786A6E}"
EndProject
Project("{9A19103F-16F7-4668-BE54-9A1E7A4F7556}") = "REPR.Products.Tests", "modules\catalog\REPR.Products.Tests\REPR.Products.Tests.csproj", "{B39EA525-1C79-45F2-AD58-20195084F8A5}"
EndProject
Project("{9A19103F-16F7-4668-BE54-9A1E7A4F7556}") = "REPR.Products.Contracts", "modules\catalog\REPR.Products.Contracts\REPR.Products.Contracts.csproj", "{8ABC5565-C909-4E9A-B392-17D08CE4D4D1}"
EndProject
Project("{9A19103F-16F7-4668-BE54-9A1E7A4F7556}") = "REPR.Baskets.Tests", "modules\cart\REPR.Baskets.Tests\REPR.Baskets.Tests.csproj", "{96B73668-8B31-4F46-9911-72C371A79CC0}"
EndProject
Project("{9A19103F-16F7-4668-BE54-9A1E7A4F7556}") = "REPR.Baskets.Contracts", "modules\cart\REPR.Baskets.Contracts\REPR.Baskets.Contracts.csproj", "{44B276CF-4884-42AB-8CB9-260E9D214F19}"
EndProject
Project("{2150E333-8FDC-42A3-9474-1A3956D46DE8}") = "gateway", "gateway", "{28180DA8-C20B-4299-87C1-0D24FBB0F83B}"
EndProject
Project("{9A19103F-16F7-4668-BE54-9A1E7A4F7556}") = "REPR.BFF.Tests", "applications\gateway\REPR.BFF.Tests\REPR.BFF.Tests.csproj", "{51507ED4-9735-4BF3-AAF1-11CBFDC63FEB}"
EndProject
Project("{9A19103F-16F7-4668-BE54-9A1E7A4F7556}") = "REPR.BFF", "applications\gateway\REPR.BFF\REPR.BFF.csproj", "{D429ADFD-DB81-43DE-8ACC-E090831C279B}"
EndProject
Project("{2150E333-8FDC-42A3-9474-1A3956D46DE8}") = "aggregator", "aggregator", "{336AC74F-FA83-4DF2-839A-4EB1F3AF95B9}"
EndProject
Project("{9A19103F-16F7-4668-BE54-9A1E7A4F7556}") = "REPR.API.Tests", "applications\aggregator\REPR.API.Tests\REPR.API.Tests.csproj", "{2A8BE7BE-55B1-46AD-A8A4-BF19586E05BD}"
EndProject
Project("{9A19103F-16F7-4668-BE54-9A1E7A4F7556}") = "REPR.API.Contracts", "applications\aggregator\REPR.API.Contracts\REPR.API.Contracts.csproj", "{9CFF788D-23A7-49C5-B59E-14B46440BBCE}"
EndProject
Project("{9A19103F-16F7-4668-BE54-9A1E7A4F7556}") = "REPR.API", "applications\aggregator\REPR.API\REPR.API.csproj", "{88CB1568-D9EB-410A-89DD-EF7D8A0F31F1}"
EndProject
Project("{2150E333-8FDC-42A3-9474-1A3956D46DE8}") = "shared", "shared", "{27C68DE6-BFC0-414C-92E4-A0D18E5FFDF8}"
EndProject
Project("{9A19103F-16F7-4668-BE54-9A1E7A4F7556}") = "REPR.API.HttpClient", "shared\REPR.API.HttpClient\REPR.API.HttpClient.csproj", "{D5EF4FE6-39E7-4C6E-A770-DFEC37C002A1}"
EndProject
Global
	GlobalSection(SolutionConfigurationPlatforms) = preSolution
		Debug|Any CPU = Debug|Any CPU
		Release|Any CPU = Release|Any CPU
	EndGlobalSection
	GlobalSection(ProjectConfigurationPlatforms) = postSolution
		{FEBFF850-6095-454D-9235-01F3964B3689}.Debug|Any CPU.ActiveCfg = Debug|Any CPU
		{FEBFF850-6095-454D-9235-01F3964B3689}.Debug|Any CPU.Build.0 = Debug|Any CPU
		{FEBFF850-6095-454D-9235-01F3964B3689}.Release|Any CPU.ActiveCfg = Release|Any CPU
		{FEBFF850-6095-454D-9235-01F3964B3689}.Release|Any CPU.Build.0 = Release|Any CPU
		{6A01B684-7491-4594-9E48-B719AE786A6E}.Debug|Any CPU.ActiveCfg = Debug|Any CPU
		{6A01B684-7491-4594-9E48-B719AE786A6E}.Debug|Any CPU.Build.0 = Debug|Any CPU
		{6A01B684-7491-4594-9E48-B719AE786A6E}.Release|Any CPU.ActiveCfg = Release|Any CPU
		{6A01B684-7491-4594-9E48-B719AE786A6E}.Release|Any CPU.Build.0 = Release|Any CPU
		{B39EA525-1C79-45F2-AD58-20195084F8A5}.Debug|Any CPU.ActiveCfg = Debug|Any CPU
		{B39EA525-1C79-45F2-AD58-20195084F8A5}.Debug|Any CPU.Build.0 = Debug|Any CPU
		{B39EA525-1C79-45F2-AD58-20195084F8A5}.Release|Any CPU.ActiveCfg = Release|Any CPU
		{B39EA525-1C79-45F2-AD58-20195084F8A5}.Release|Any CPU.Build.0 = Release|Any CPU
		{8ABC5565-C909-4E9A-B392-17D08CE4D4D1}.Debug|Any CPU.ActiveCfg = Debug|Any CPU
		{8ABC5565-C909-4E9A-B392-17D08CE4D4D1}.Debug|Any CPU.Build.0 = Debug|Any CPU
		{8ABC5565-C909-4E9A-B392-17D08CE4D4D1}.Release|Any CPU.ActiveCfg = Release|Any CPU
		{8ABC5565-C909-4E9A-B392-17D08CE4D4D1}.Release|Any CPU.Build.0 = Release|Any CPU
		{96B73668-8B31-4F46-9911-72C371A79CC0}.Debug|Any CPU.ActiveCfg = Debug|Any CPU
		{96B73668-8B31-4F46-9911-72C371A79CC0}.Debug|Any CPU.Build.0 = Debug|Any CPU
		{96B73668-8B31-4F46-9911-72C371A79CC0}.Release|Any CPU.ActiveCfg = Release|Any CPU
		{96B73668-8B31-4F46-9911-72C371A79CC0}.Release|Any CPU.Build.0 = Release|Any CPU
		{44B276CF-4884-42AB-8CB9-260E9D214F19}.Debug|Any CPU.ActiveCfg = Debug|Any CPU
		{44B276CF-4884-42AB-8CB9-260E9D214F19}.Debug|Any CPU.Build.0 = Debug|Any CPU
		{44B276CF-4884-42AB-8CB9-260E9D214F19}.Release|Any CPU.ActiveCfg = Release|Any CPU
		{44B276CF-4884-42AB-8CB9-260E9D214F19}.Release|Any CPU.Build.0 = Release|Any CPU
		{51507ED4-9735-4BF3-AAF1-11CBFDC63FEB}.Debug|Any CPU.ActiveCfg = Debug|Any CPU
		{51507ED4-9735-4BF3-AAF1-11CBFDC63FEB}.Debug|Any CPU.Build.0 = Debug|Any CPU
		{51507ED4-9735-4BF3-AAF1-11CBFDC63FEB}.Release|Any CPU.ActiveCfg = Release|Any CPU
		{51507ED4-9735-4BF3-AAF1-11CBFDC63FEB}.Release|Any CPU.Build.0 = Release|Any CPU
		{D429ADFD-DB81-43DE-8ACC-E090831C279B}.Debug|Any CPU.ActiveCfg = Debug|Any CPU
		{D429ADFD-DB81-43DE-8ACC-E090831C279B}.Debug|Any CPU.Build.0 = Debug|Any CPU
		{D429ADFD-DB81-43DE-8ACC-E090831C279B}.Release|Any CPU.ActiveCfg = Release|Any CPU
		{D429ADFD-DB81-43DE-8ACC-E090831C279B}.Release|Any CPU.Build.0 = Release|Any CPU
		{2A8BE7BE-55B1-46AD-A8A4-BF19586E05BD}.Debug|Any CPU.ActiveCfg = Debug|Any CPU
		{2A8BE7BE-55B1-46AD-A8A4-BF19586E05BD}.Debug|Any CPU.Build.0 = Debug|Any CPU
		{2A8BE7BE-55B1-46AD-A8A4-BF19586E05BD}.Release|Any CPU.ActiveCfg = Release|Any CPU
		{2A8BE7BE-55B1-46AD-A8A4-BF19586E05BD}.Release|Any CPU.Build.0 = Release|Any CPU
		{9CFF788D-23A7-49C5-B59E-14B46440BBCE}.Debug|Any CPU.ActiveCfg = Debug|Any CPU
		{9CFF788D-23A7-49C5-B59E-14B46440BBCE}.Debug|Any CPU.Build.0 = Debug|Any CPU
		{9CFF788D-23A7-49C5-B59E-14B46440BBCE}.Release|Any CPU.ActiveCfg = Release|Any CPU
		{9CFF788D-23A7-49C5-B59E-14B46440BBCE}.Release|Any CPU.Build.0 = Release|Any CPU
		{88CB1568-D9EB-410A-89DD-EF7D8A0F31F1}.Debug|Any CPU.ActiveCfg = Debug|Any CPU
		{88CB1568-D9EB-410A-89DD-EF7D8A0F31F1}.Debug|Any CPU.Build.0 = Debug|Any CPU
		{88CB1568-D9EB-410A-89DD-EF7D8A0F31F1}.Release|Any CPU.ActiveCfg = Release|Any CPU
		{88CB1568-D9EB-410A-89DD-EF7D8A0F31F1}.Release|Any CPU.Build.0 = Release|Any CPU
		{D5EF4FE6-39E7-4C6E-A770-DFEC37C002A1}.Debug|Any CPU.ActiveCfg = Debug|Any CPU
		{D5EF4FE6-39E7-4C6E-A770-DFEC37C002A1}.Debug|Any CPU.Build.0 = Debug|Any CPU
		{D5EF4FE6-39E7-4C6E-A770-DFEC37C002A1}.Release|Any CPU.ActiveCfg = Release|Any CPU
		{D5EF4FE6-39E7-4C6E-A770-DFEC37C002A1}.Release|Any CPU.Build.0 = Release|Any CPU
	EndGlobalSection
	GlobalSection(SolutionProperties) = preSolution
		HideSolutionNode = FALSE
	EndGlobalSection
	GlobalSection(NestedProjects) = preSolution
		{7439E33A-B6EF-4E20-A9D8-5F372B4AA600} = {FF1568BF-E677-47D5-B307-F6B8AC194099}
		{FEBFF850-6095-454D-9235-01F3964B3689} = {7439E33A-B6EF-4E20-A9D8-5F372B4AA600}
		{717A0543-69F1-45D8-9F6F-96184B0E66E3} = {FF1568BF-E677-47D5-B307-F6B8AC194099}
		{6A01B684-7491-4594-9E48-B719AE786A6E} = {717A0543-69F1-45D8-9F6F-96184B0E66E3}
		{B39EA525-1C79-45F2-AD58-20195084F8A5} = {717A0543-69F1-45D8-9F6F-96184B0E66E3}
		{8ABC5565-C909-4E9A-B392-17D08CE4D4D1} = {717A0543-69F1-45D8-9F6F-96184B0E66E3}
		{96B73668-8B31-4F46-9911-72C371A79CC0} = {7439E33A-B6EF-4E20-A9D8-5F372B4AA600}
		{44B276CF-4884-42AB-8CB9-260E9D214F19} = {7439E33A-B6EF-4E20-A9D8-5F372B4AA600}
		{28180DA8-C20B-4299-87C1-0D24FBB0F83B} = {5A07801E-7FB0-4A05-A78A-A8745294C538}
		{51507ED4-9735-4BF3-AAF1-11CBFDC63FEB} = {28180DA8-C20B-4299-87C1-0D24FBB0F83B}
		{D429ADFD-DB81-43DE-8ACC-E090831C279B} = {28180DA8-C20B-4299-87C1-0D24FBB0F83B}
		{336AC74F-FA83-4DF2-839A-4EB1F3AF95B9} = {5A07801E-7FB0-4A05-A78A-A8745294C538}
		{2A8BE7BE-55B1-46AD-A8A4-BF19586E05BD} = {336AC74F-FA83-4DF2-839A-4EB1F3AF95B9}
		{9CFF788D-23A7-49C5-B59E-14B46440BBCE} = {336AC74F-FA83-4DF2-839A-4EB1F3AF95B9}
		{88CB1568-D9EB-410A-89DD-EF7D8A0F31F1} = {336AC74F-FA83-4DF2-839A-4EB1F3AF95B9}
		{D5EF4FE6-39E7-4C6E-A770-DFEC37C002A1} = {27C68DE6-BFC0-414C-92E4-A0D18E5FFDF8}
	EndGlobalSection
	GlobalSection(ExtensibilityGlobals) = postSolution
		SolutionGuid = {4784CC3A-F0AA-4746-9E02-980FDF988B61}
	EndGlobalSection
EndGlobal
