
Microsoft Visual Studio Solution File, Format Version 12.00
# Visual Studio Version 17
VisualStudioVersion = 17.0.31903.59
MinimumVisualStudioVersion = 10.0.40219.1
Project("{FAE04EC0-301F-11D3-BF4B-00C04F79EFBC}") = "Web.Test", "Web.Test\Web.Test.csproj", "{50D34992-16B0-4421-948F-9C7D6A0EEEB3}"
EndProject
Project("{FAE04EC0-301F-11D3-BF4B-00C04F79EFBC}") = "Web", "Web\Web.csproj", "{0653C456-D190-43D1-98BC-74000960AE85}"
EndProject
Global
	GlobalSection(SolutionConfigurationPlatforms) = preSolution
		Debug|Any CPU = Debug|Any CPU
		Release|Any CPU = Release|Any CPU
	EndGlobalSection
	GlobalSection(SolutionProperties) = preSolution
		HideSolutionNode = FALSE
	EndGlobalSection
	GlobalSection(ProjectConfigurationPlatforms) = postSolution
		{50D34992-16B0-4421-948F-9C7D6A0EEEB3}.Debug|Any CPU.ActiveCfg = Debug|Any CPU
		{50D34992-16B0-4421-948F-9C7D6A0EEEB3}.Debug|Any CPU.Build.0 = Debug|Any CPU
		{50D34992-16B0-4421-948F-9C7D6A0EEEB3}.Release|Any CPU.ActiveCfg = Release|Any CPU
		{50D34992-16B0-4421-948F-9C7D6A0EEEB3}.Release|Any CPU.Build.0 = Release|Any CPU
		{0653C456-D190-43D1-98BC-74000960AE85}.Debug|Any CPU.ActiveCfg = Debug|Any CPU
		{0653C456-D190-43D1-98BC-74000960AE85}.Debug|Any CPU.Build.0 = Debug|Any CPU
		{0653C456-D190-43D1-98BC-74000960AE85}.Release|Any CPU.ActiveCfg = Release|Any CPU
		{0653C456-D190-43D1-98BC-74000960AE85}.Release|Any CPU.Build.0 = Release|Any CPU
	EndGlobalSection
EndGlobal
