
Microsoft Visual Studio Solution File, Format Version 12.00
# Visual Studio Version 17
VisualStudioVersion = 17.7.33808.371
MinimumVisualStudioVersion = 15.0.26124.0
Project("{2150E333-8FDC-42A3-9474-1A3956D46DE8}") = "src", "src", "{97B22B99-87BD-4B80-BB3A-ADDB78EEA9AD}"
EndProject
Project("{9A19103F-16F7-4668-BE54-9A1E7A4F7556}") = "MySortingMachine", "src\MySortingMachine\MySortingMachine.csproj", "{96AB816F-9C62-4A15-82D7-06F78536A553}"
EndProject
Project("{FAE04EC0-301F-11D3-BF4B-00C04F79EFBC}") = "Consumer.API", "src\Consumer.API\Consumer.API.csproj", "{AAFBF5F8-9F14-417C-A32F-24FA714D462E}"
EndProject
Global
	GlobalSection(SolutionConfigurationPlatforms) = preSolution
		Debug|Any CPU = Debug|Any CPU
		Debug|x64 = Debug|x64
		Debug|x86 = Debug|x86
		Release|Any CPU = Release|Any CPU
		Release|x64 = Release|x64
		Release|x86 = Release|x86
	EndGlobalSection
	GlobalSection(ProjectConfigurationPlatforms) = postSolution
		{96AB816F-9C62-4A15-82D7-06F78536A553}.Debug|Any CPU.ActiveCfg = Debug|Any CPU
		{96AB816F-9C62-4A15-82D7-06F78536A553}.Debug|Any CPU.Build.0 = Debug|Any CPU
		{96AB816F-9C62-4A15-82D7-06F78536A553}.Debug|x64.ActiveCfg = Debug|Any CPU
		{96AB816F-9C62-4A15-82D7-06F78536A553}.Debug|x64.Build.0 = Debug|Any CPU
		{96AB816F-9C62-4A15-82D7-06F78536A553}.Debug|x86.ActiveCfg = Debug|Any CPU
		{96AB816F-9C62-4A15-82D7-06F78536A553}.Debug|x86.Build.0 = Debug|Any CPU
		{96AB816F-9C62-4A15-82D7-06F78536A553}.Release|Any CPU.ActiveCfg = Release|Any CPU
		{96AB816F-9C62-4A15-82D7-06F78536A553}.Release|Any CPU.Build.0 = Release|Any CPU
		{96AB816F-9C62-4A15-82D7-06F78536A553}.Release|x64.ActiveCfg = Release|Any CPU
		{96AB816F-9C62-4A15-82D7-06F78536A553}.Release|x64.Build.0 = Release|Any CPU
		{96AB816F-9C62-4A15-82D7-06F78536A553}.Release|x86.ActiveCfg = Release|Any CPU
		{96AB816F-9C62-4A15-82D7-06F78536A553}.Release|x86.Build.0 = Release|Any CPU
		{AAFBF5F8-9F14-417C-A32F-24FA714D462E}.Debug|Any CPU.ActiveCfg = Debug|Any CPU
		{AAFBF5F8-9F14-417C-A32F-24FA714D462E}.Debug|Any CPU.Build.0 = Debug|Any CPU
		{AAFBF5F8-9F14-417C-A32F-24FA714D462E}.Debug|x64.ActiveCfg = Debug|Any CPU
		{AAFBF5F8-9F14-417C-A32F-24FA714D462E}.Debug|x64.Build.0 = Debug|Any CPU
		{AAFBF5F8-9F14-417C-A32F-24FA714D462E}.Debug|x86.ActiveCfg = Debug|Any CPU
		{AAFBF5F8-9F14-417C-A32F-24FA714D462E}.Debug|x86.Build.0 = Debug|Any CPU
		{AAFBF5F8-9F14-417C-A32F-24FA714D462E}.Release|Any CPU.ActiveCfg = Release|Any CPU
		{AAFBF5F8-9F14-417C-A32F-24FA714D462E}.Release|Any CPU.Build.0 = Release|Any CPU
		{AAFBF5F8-9F14-417C-A32F-24FA714D462E}.Release|x64.ActiveCfg = Release|Any CPU
		{AAFBF5F8-9F14-417C-A32F-24FA714D462E}.Release|x64.Build.0 = Release|Any CPU
		{AAFBF5F8-9F14-417C-A32F-24FA714D462E}.Release|x86.ActiveCfg = Release|Any CPU
		{AAFBF5F8-9F14-417C-A32F-24FA714D462E}.Release|x86.Build.0 = Release|Any CPU
	EndGlobalSection
	GlobalSection(SolutionProperties) = preSolution
		HideSolutionNode = FALSE
	EndGlobalSection
	GlobalSection(NestedProjects) = preSolution
		{96AB816F-9C62-4A15-82D7-06F78536A553} = {97B22B99-87BD-4B80-BB3A-ADDB78EEA9AD}
		{AAFBF5F8-9F14-417C-A32F-24FA714D462E} = {97B22B99-87BD-4B80-BB3A-ADDB78EEA9AD}
	EndGlobalSection
	GlobalSection(ExtensibilityGlobals) = postSolution
		SolutionGuid = {AD6738BF-6DFE-4417-9CB1-C0002F3EFFE4}
	EndGlobalSection
EndGlobal
