
Microsoft Visual Studio Solution File, Format Version 12.00
# Visual Studio Version 17
VisualStudioVersion = 17.0.31903.59
MinimumVisualStudioVersion = 10.0.40219.1
Project("{FAE04EC0-301F-11D3-BF4B-00C04F79EFBC}") = "AfterSRP", "AfterSRP\AfterSRP.csproj", "{89D1F34B-E759-4724-B3F0-2B09BAF02DF8}"
EndProject
Project("{FAE04EC0-301F-11D3-BF4B-00C04F79EFBC}") = "BeforeSRP", "BeforeSRP\BeforeSRP.csproj", "{884CE5D8-A192-4836-9092-5ACCF776352F}"
EndProject
Global
	GlobalSection(SolutionConfigurationPlatforms) = preSolution
		Debug|Any CPU = Debug|Any CPU
		Release|Any CPU = Release|Any CPU
	EndGlobalSection
	GlobalSection(SolutionProperties) = preSolution
		HideSolutionNode = FALSE
	EndGlobalSection
	GlobalSection(ProjectConfigurationPlatforms) = postSolution
		{89D1F34B-E759-4724-B3F0-2B09BAF02DF8}.Debug|Any CPU.ActiveCfg = Debug|Any CPU
		{89D1F34B-E759-4724-B3F0-2B09BAF02DF8}.Debug|Any CPU.Build.0 = Debug|Any CPU
		{89D1F34B-E759-4724-B3F0-2B09BAF02DF8}.Release|Any CPU.ActiveCfg = Release|Any CPU
		{89D1F34B-E759-4724-B3F0-2B09BAF02DF8}.Release|Any CPU.Build.0 = Release|Any CPU
		{884CE5D8-A192-4836-9092-5ACCF776352F}.Debug|Any CPU.ActiveCfg = Debug|Any CPU
		{884CE5D8-A192-4836-9092-5ACCF776352F}.Debug|Any CPU.Build.0 = Debug|Any CPU
		{884CE5D8-A192-4836-9092-5ACCF776352F}.Release|Any CPU.ActiveCfg = Release|Any CPU
		{884CE5D8-A192-4836-9092-5ACCF776352F}.Release|Any CPU.Build.0 = Release|Any CPU
	EndGlobalSection
EndGlobal
