
Microsoft Visual Studio Solution File, Format Version 12.00
# Visual Studio Version 17
VisualStudioVersion = 17.0.31903.59
MinimumVisualStudioVersion = 10.0.40219.1
Project("{9A19103F-16F7-4668-BE54-9A1E7A4F7556}") = "C04", "C04.csproj", "{FC88356A-7AB3-4460-8DFA-52D4495011B6}"
EndProject
Global
	GlobalSection(SolutionConfigurationPlatforms) = preSolution
		Debug|Any CPU = Debug|Any CPU
		Release|Any CPU = Release|Any CPU
	EndGlobalSection
	GlobalSection(ProjectConfigurationPlatforms) = postSolution
		{FC88356A-7AB3-4460-8DFA-52D4495011B6}.Debug|Any CPU.ActiveCfg = Debug|Any CPU
		{FC88356A-7AB3-4460-8DFA-52D4495011B6}.Debug|Any CPU.Build.0 = Debug|Any CPU
		{FC88356A-7AB3-4460-8DFA-52D4495011B6}.Release|Any CPU.ActiveCfg = Release|Any CPU
		{FC88356A-7AB3-4460-8DFA-52D4495011B6}.Release|Any CPU.Build.0 = Release|Any CPU
	EndGlobalSection
	GlobalSection(SolutionProperties) = preSolution
		HideSolutionNode = FALSE
	EndGlobalSection
	GlobalSection(ExtensibilityGlobals) = postSolution
		SolutionGuid = {5B8E089D-5A8B-414D-8C62-507CBABA4AD9}
	EndGlobalSection
EndGlobal
